<?xml version="1.0" encoding="utf-8"?>
<Project ToolsVersion="4.0" xmlns="http://schemas.microsoft.com/developer/msbuild/2003">
  <ItemGroup>
    <Filter Include="Source">
      <UniqueIdentifier>{4FC737F1-C7A5-4376-A066-2A32D752A2FF}</UniqueIdentifier>
      <Extensions>cpp;c;cc;cxx;c++;cppm;ixx;def;odl;idl;hpj;bat;asm;asmx</Extensions>
    </Filter>
    <Filter Include="Resource">
      <UniqueIdentifier>{2402993b-dfd2-4275-887c-6c90c916cc05}</UniqueIdentifier>
    </Filter>
    <Filter Include="Headers">
      <UniqueIdentifier>{93995380-89BD-4b04-88EB-625FBE52EBFB}</UniqueIdentifier>
      <Extensions>h;hh;hpp;hxx;h++;hm;inl;inc;ipp;xsd</Extensions>
    </Filter>
    <Filter Include="Resource\Shaders">
      <UniqueIdentifier>{f0aa1bef-d0ae-4506-9ae6-1a2d4f337432}</UniqueIdentifier>
    </Filter>
    <Filter Include="Resource\Textures">
      <UniqueIdentifier>{bf97b01a-9c86-4c21-9ce6-3b5af4bafbdb}</UniqueIdentifier>
    </Filter>
    <Filter Include="Vendor">
      <UniqueIdentifier>{189f42b7-e10f-410c-b66d-9bc3151f859f}</UniqueIdentifier>
    </Filter>
    <Filter Include="Vendor\ImGui">
      <UniqueIdentifier>{70eecb82-1a17-4184-81ac-6fa57b3a52f1}</UniqueIdentifier>
    </Filter>
  </ItemGroup>
  <ItemGroup>
    <ClCompile Include="Engine.cpp">
      <Filter>Source</Filter>
    </ClCompile>
    <ClCompile Include="Main.cpp">
      <Filter>Source</Filter>
    </ClCompile>
    <ClCompile Include="glad.c">
      <Filter>Source</Filter>
    </ClCompile>
    <ClCompile Include="Input.cpp">
      <Filter>Source</Filter>
    </ClCompile>
    <ClCompile Include="Renderer.cpp">
      <Filter>Source</Filter>
    </ClCompile>
    <ClCompile Include="Shader.cpp">
      <Filter>Source</Filter>
    </ClCompile>
    <ClCompile Include="Texture.cpp">
      <Filter>Source</Filter>
    </ClCompile>
    <ClCompile Include="MeshPrimative.cpp">
      <Filter>Source</Filter>
    </ClCompile>
    <ClCompile Include="Camera.cpp">
      <Filter>Source</Filter>
    </ClCompile>
    <ClCompile Include="ModelLoader.cpp">
      <Filter>Source</Filter>
    </ClCompile>
    <ClCompile Include="MathUtils.cpp">
      <Filter>Source</Filter>
    </ClCompile>
    <ClCompile Include="ShadowVolume.cpp">
      <Filter>Source</Filter>
    </ClCompile>
    <ClCompile Include="Timer.cpp">
      <Filter>Source</Filter>
    </ClCompile>
    <ClCompile Include="..\include\ImGui\imgui_widgets.cpp">
      <Filter>Vendor\ImGui</Filter>
    </ClCompile>
    <ClCompile Include="..\include\ImGui\imgui_demo.cpp">
      <Filter>Vendor\ImGui</Filter>
    </ClCompile>
    <ClCompile Include="..\include\ImGui\imgui_draw.cpp">
      <Filter>Vendor\ImGui</Filter>
    </ClCompile>
    <ClCompile Include="..\include\ImGui\backends\imgui_impl_glfw.cpp">
      <Filter>Vendor\ImGui</Filter>
    </ClCompile>
    <ClCompile Include="..\include\ImGui\backends\imgui_impl_opengl3.cpp">
      <Filter>Vendor\ImGui</Filter>
    </ClCompile>
    <ClCompile Include="..\include\ImGui\imgui_tables.cpp">
      <Filter>Vendor\ImGui</Filter>
    </ClCompile>
    <ClCompile Include="..\include\ImGui\imgui.cpp">
      <Filter>Vendor\ImGui</Filter>
    </ClCompile>
  </ItemGroup>
  <ItemGroup>
    <ClInclude Include="Engine.h">
      <Filter>Headers</Filter>
    </ClInclude>
    <ClInclude Include="Input.h">
      <Filter>Headers</Filter>
    </ClInclude>
    <ClInclude Include="Renderer.h">
      <Filter>Headers</Filter>
    </ClInclude>
    <ClInclude Include="Shader.h">
      <Filter>Headers</Filter>
    </ClInclude>
    <ClInclude Include="stb_image.h">
      <Filter>Headers</Filter>
    </ClInclude>
    <ClInclude Include="Texture.h">
      <Filter>Headers</Filter>
    </ClInclude>
    <ClInclude Include="MeshPrimative.h">
      <Filter>Headers</Filter>
    </ClInclude>
    <ClInclude Include="Camera.h">
      <Filter>Headers</Filter>
    </ClInclude>
    <ClInclude Include="MathUtils.h">
      <Filter>Headers</Filter>
    </ClInclude>
    <ClInclude Include="ModelLoader.h">
      <Filter>Headers</Filter>
    </ClInclude>
    <ClInclude Include="ShadowVolume.h">
      <Filter>Headers</Filter>
    </ClInclude>
    <ClInclude Include="Timer.h">
      <Filter>Headers</Filter>
    </ClInclude>
    <ClInclude Include="..\include\ImGui\backends\imgui_impl_glfw.h">
      <Filter>Vendor\ImGui</Filter>
    </ClInclude>
    <ClInclude Include="..\include\ImGui\backends\imgui_impl_opengl3.h">
      <Filter>Vendor\ImGui</Filter>
    </ClInclude>
    <ClInclude Include="..\include\ImGui\backends\imgui_impl_opengl3_loader.h">
      <Filter>Vendor\ImGui</Filter>
    </ClInclude>
    <ClInclude Include="..\include\ImGui\imgui_internal.h">
      <Filter>Vendor\ImGui</Filter>
    </ClInclude>
    <ClInclude Include="..\include\ImGui\imstb_rectpack.h">
      <Filter>Vendor\ImGui</Filter>
    </ClInclude>
    <ClInclude Include="..\include\ImGui\imstb_textedit.h">
      <Filter>Vendor\ImGui</Filter>
    </ClInclude>
    <ClInclude Include="..\include\ImGui\imstb_truetype.h">
      <Filter>Vendor\ImGui</Filter>
    </ClInclude>
  </ItemGroup>
  <ItemGroup>
    <None Include="lighting.vert">
      <Filter>Resource\Shaders</Filter>
    </None>
    <None Include="lighting.frag">
      <Filter>Resource\Shaders</Filter>
    </None>
    <None Include="shadow.vert">
      <Filter>Resource\Shaders</Filter>
    </None>
    <None Include="shadow.frag">
      <Filter>Resource\Shaders</Filter>
    </None>
    <None Include="equirectangular.vert">
      <Filter>Resource\Shaders</Filter>
    </None>
    <None Include="equirectangular.frag">
      <Filter>Resource\Shaders</Filter>
    </None>
  </ItemGroup>
  <ItemGroup>
    <Image Include="Resource\image.png">
      <Filter>Resource\Textures</Filter>
    </Image>
  </ItemGroup>
</Project>